{
  "originHash" : "54c97d36a9838ed5dfeb0748f937254d6ed251f8282db93c4f19634943dfcb2c",
  "pins" : [
    {
      "identity" : "toastkit",
      "kind" : "remoteSourceControl",
      "location" : "https://github.com/Desp0o/ToastKit.git",
      "state" : {
        "branch" : "main",
        "revision" : "27b97664873141e04766bb0e527d76e0f12bc0d6"
      }
    }
  ],
  "version" : 3
}
